
Microsoft Visual Studio Solution File, Format Version 12.00
# Visual Studio Version 16
VisualStudioVersion = 16.0.31205.134
MinimumVisualStudioVersion = 10.0.40219.1
Project("{8BC9CEB8-8B4A-11D0-8D11-00A0C91BC942}") = "Client", "Client\Client.vcxproj", "{FAC3C6B1-05D9-4866-B6E6-7427E3F0FB57}"
EndProject
Project("{8BC9CEB8-8B4A-11D0-8D11-00A0C91BC942}") = "Server", "Server\Server.vcxproj", "{8E370045-3DBE-4334-8791-73A4A14D3BC7}"
EndProject
Project("{8BC9CEB8-8B4A-11D0-8D11-00A0C91BC942}") = "DLL", "DLL\DLL.vcxproj", "{189906E0-8D62-4005-9820-011AFD9D9AF8}"
EndProject
Global
	GlobalSection(SolutionConfigurationPlatforms) = preSolution
		Debug|x64 = Debug|x64
		Debug|x86 = Debug|x86
		Release|x64 = Release|x64
		Release|x86 = Release|x86
	EndGlobalSection
	GlobalSection(ProjectConfigurationPlatforms) = postSolution
		{FAC3C6B1-05D9-4866-B6E6-7427E3F0FB57}.Debug|x64.ActiveCfg = Debug|x64
		{FAC3C6B1-05D9-4866-B6E6-7427E3F0FB57}.Debug|x64.Build.0 = Debug|x64
		{FAC3C6B1-05D9-4866-B6E6-7427E3F0FB57}.Debug|x86.ActiveCfg = Debug|Win32
		{FAC3C6B1-05D9-4866-B6E6-7427E3F0FB57}.Debug|x86.Build.0 = Debug|Win32
		{FAC3C6B1-05D9-4866-B6E6-7427E3F0FB57}.Release|x64.ActiveCfg = Release|x64
		{FAC3C6B1-05D9-4866-B6E6-7427E3F0FB57}.Release|x64.Build.0 = Release|x64
		{FAC3C6B1-05D9-4866-B6E6-7427E3F0FB57}.Release|x86.ActiveCfg = Release|Win32
		{FAC3C6B1-05D9-4866-B6E6-7427E3F0FB57}.Release|x86.Build.0 = Release|Win32
		{8E370045-3DBE-4334-8791-73A4A14D3BC7}.Debug|x64.ActiveCfg = Debug|x64
		{8E370045-3DBE-4334-8791-73A4A14D3BC7}.Debug|x64.Build.0 = Debug|x64
		{8E370045-3DBE-4334-8791-73A4A14D3BC7}.Debug|x86.ActiveCfg = Debug|Win32
		{8E370045-3DBE-4334-8791-73A4A14D3BC7}.Debug|x86.Build.0 = Debug|Win32
		{8E370045-3DBE-4334-8791-73A4A14D3BC7}.Release|x64.ActiveCfg = Release|x64
		{8E370045-3DBE-4334-8791-73A4A14D3BC7}.Release|x64.Build.0 = Release|x64
		{8E370045-3DBE-4334-8791-73A4A14D3BC7}.Release|x86.ActiveCfg = Release|Win32
		{8E370045-3DBE-4334-8791-73A4A14D3BC7}.Release|x86.Build.0 = Release|Win32
		{189906E0-8D62-4005-9820-011AFD9D9AF8}.Debug|x64.ActiveCfg = Debug|x64
		{189906E0-8D62-4005-9820-011AFD9D9AF8}.Debug|x64.Build.0 = Debug|x64
		{189906E0-8D62-4005-9820-011AFD9D9AF8}.Debug|x86.ActiveCfg = Debug|Win32
		{189906E0-8D62-4005-9820-011AFD9D9AF8}.Debug|x86.Build.0 = Debug|Win32
		{189906E0-8D62-4005-9820-011AFD9D9AF8}.Release|x64.ActiveCfg = Release|x64
		{189906E0-8D62-4005-9820-011AFD9D9AF8}.Release|x64.Build.0 = Release|x64
		{189906E0-8D62-4005-9820-011AFD9D9AF8}.Release|x86.ActiveCfg = Release|Win32
		{189906E0-8D62-4005-9820-011AFD9D9AF8}.Release|x86.Build.0 = Release|Win32
	EndGlobalSection
	GlobalSection(SolutionProperties) = preSolution
		HideSolutionNode = FALSE
	EndGlobalSection
	GlobalSection(ExtensibilityGlobals) = postSolution
		SolutionGuid = {9B2510E9-6B37-434C-AF92-168273B0B64C}
	EndGlobalSection
EndGlobal
